
Microsoft Visual Studio Solution File, Format Version 12.00
# Visual Studio Version 16
VisualStudioVersion = 16.0.31321.278
MinimumVisualStudioVersion = 10.0.40219.1
Project("{FAE04EC0-301F-11D3-BF4B-00C04F79EFBC}") = "MethodExercise", "MethodExercise\MethodExercise.csproj", "{616FB8B0-C1C3-45C9-B3FC-43AE4DCC52CA}"
EndProject
Global
	GlobalSection(SolutionConfigurationPlatforms) = preSolution
		Debug|Any CPU = Debug|Any CPU
		Release|Any CPU = Release|Any CPU
	EndGlobalSection
	GlobalSection(ProjectConfigurationPlatforms) = postSolution
		{616FB8B0-C1C3-45C9-B3FC-43AE4DCC52CA}.Debug|Any CPU.ActiveCfg = Debug|Any CPU
		{616FB8B0-C1C3-45C9-B3FC-43AE4DCC52CA}.Debug|Any CPU.Build.0 = Debug|Any CPU
		{616FB8B0-C1C3-45C9-B3FC-43AE4DCC52CA}.Release|Any CPU.ActiveCfg = Release|Any CPU
		{616FB8B0-C1C3-45C9-B3FC-43AE4DCC52CA}.Release|Any CPU.Build.0 = Release|Any CPU
	EndGlobalSection
	GlobalSection(SolutionProperties) = preSolution
		HideSolutionNode = FALSE
	EndGlobalSection
	GlobalSection(ExtensibilityGlobals) = postSolution
		SolutionGuid = {35D7EB69-2DF3-46B0-88AF-A2293A143272}
	EndGlobalSection
EndGlobal
